
Microsoft Visual Studio Solution File, Format Version 12.00
# Visual Studio Version 16
VisualStudioVersion = 16.0.31205.134
MinimumVisualStudioVersion = 10.0.40219.1
Project("{9A19103F-16F7-4668-BE54-9A1E7A4F7556}") = "JITVW", "JITVW\JITVW.csproj", "{3DC2B645-0AD0-4EE3-8497-4ED20CD50127}"
EndProject
Global
	GlobalSection(SolutionConfigurationPlatforms) = preSolution
		Debug|Any CPU = Debug|Any CPU
		Release|Any CPU = Release|Any CPU
	EndGlobalSection
	GlobalSection(ProjectConfigurationPlatforms) = postSolution
		{3DC2B645-0AD0-4EE3-8497-4ED20CD50127}.Debug|Any CPU.ActiveCfg = Debug|Any CPU
		{3DC2B645-0AD0-4EE3-8497-4ED20CD50127}.Debug|Any CPU.Build.0 = Debug|Any CPU
		{3DC2B645-0AD0-4EE3-8497-4ED20CD50127}.Release|Any CPU.ActiveCfg = Release|Any CPU
		{3DC2B645-0AD0-4EE3-8497-4ED20CD50127}.Release|Any CPU.Build.0 = Release|Any CPU
	EndGlobalSection
	GlobalSection(SolutionProperties) = preSolution
		HideSolutionNode = FALSE
	EndGlobalSection
	GlobalSection(ExtensibilityGlobals) = postSolution
		SolutionGuid = {C4C3EF7C-AFF7-4A19-8374-3B0733778309}
	EndGlobalSection
EndGlobal
